
Microsoft Visual Studio Solution File, Format Version 12.00
# Visual Studio Version 16
VisualStudioVersion = 16.0.31613.86
MinimumVisualStudioVersion = 10.0.40219.1
Project("{FAE04EC0-301F-11D3-BF4B-00C04F79EFBC}") = "Roommates", "Roommates\Roommates.csproj", "{CE65A0CC-38B5-4772-8A24-45EEDD7EA751}"
EndProject
Global
	GlobalSection(SolutionConfigurationPlatforms) = preSolution
		Debug|Any CPU = Debug|Any CPU
		Release|Any CPU = Release|Any CPU
	EndGlobalSection
	GlobalSection(ProjectConfigurationPlatforms) = postSolution
		{CE65A0CC-38B5-4772-8A24-45EEDD7EA751}.Debug|Any CPU.ActiveCfg = Debug|Any CPU
		{CE65A0CC-38B5-4772-8A24-45EEDD7EA751}.Debug|Any CPU.Build.0 = Debug|Any CPU
		{CE65A0CC-38B5-4772-8A24-45EEDD7EA751}.Release|Any CPU.ActiveCfg = Release|Any CPU
		{CE65A0CC-38B5-4772-8A24-45EEDD7EA751}.Release|Any CPU.Build.0 = Release|Any CPU
	EndGlobalSection
	GlobalSection(SolutionProperties) = preSolution
		HideSolutionNode = FALSE
	EndGlobalSection
	GlobalSection(ExtensibilityGlobals) = postSolution
		SolutionGuid = {076AEB9D-F6E9-4A81-86AC-15DC632991D1}
	EndGlobalSection
EndGlobal
